// !$*UTF8*$!
{
	archiveVersion = 1;
	classes = {
	};
	objectVersion = 50;
	objects = {

/* Begin PBXBuildFile section */
		AE5F9462245EE4C1003D07E8 /* AppDelegate.swift in Sources */ = {isa = PBXBuildFile; fileRef = AE5F9461245EE4C1003D07E8 /* AppDelegate.swift */; };
		AE5F9464245EE4C1003D07E8 /* SceneDelegate.swift in Sources */ = {isa = PBXBuildFile; fileRef = AE5F9463245EE4C1003D07E8 /* SceneDelegate.swift */; };
		AE5F9468245EE4C5003D07E8 /* Assets.xcassets in Resources */ = {isa = PBXBuildFile; fileRef = AE5F9467245EE4C5003D07E8 /* Assets.xcassets */; };
		AE5F946B245EE4C5003D07E8 /* Preview Assets.xcassets in Resources */ = {isa = PBXBuildFile; fileRef = AE5F946A245EE4C5003D07E8 /* Preview Assets.xcassets */; };
		AE5F946E245EE4C5003D07E8 /* LaunchScreen.storyboard in Resources */ = {isa = PBXBuildFile; fileRef = AE5F946C245EE4C5003D07E8 /* LaunchScreen.storyboard */; };
		AE5F9477245EE510003D07E8 /* Hw1.swift in Sources */ = {isa = PBXBuildFile; fileRef = AE5F9476245EE510003D07E8 /* Hw1.swift */; };
		AE5F9479245F84B7003D07E8 /* WeatherForecast.swift in Sources */ = {isa = PBXBuildFile; fileRef = AE5F9478245F84B7003D07E8 /* WeatherForecast.swift */; };
		AE5F947B245F8520003D07E8 /* PayerTime.swift in Sources */ = {isa = PBXBuildFile; fileRef = AE5F947A245F8520003D07E8 /* PayerTime.swift */; };
/* End PBXBuildFile section */

/* Begin PBXFileReference section */
		AE5F945E245EE4C1003D07E8 /* DayOneHomework1.app */ = {isa = PBXFileReference; explicitFileType = wrapper.application; includeInIndex = 0; path = DayOneHomework1.app; sourceTree = BUILT_PRODUCTS_DIR; };
		AE5F9461245EE4C1003D07E8 /* AppDelegate.swift */ = {isa = PBXFileReference; lastKnownFileType = sourcecode.swift; path = AppDelegate.swift; sourceTree = "<group>"; };
		AE5F9463245EE4C1003D07E8 /* SceneDelegate.swift */ = {isa = PBXFileReference; lastKnownFileType = sourcecode.swift; path = SceneDelegate.swift; sourceTree = "<group>"; };
		AE5F9467245EE4C5003D07E8 /* Assets.xcassets */ = {isa = PBXFileReference; lastKnownFileType = folder.assetcatalog; path = Assets.xcassets; sourceTree = "<group>"; };
		AE5F946A245EE4C5003D07E8 /* Preview Assets.xcassets */ = {isa = PBXFileReference; lastKnownFileType = folder.assetcatalog; path = "Preview Assets.xcassets"; sourceTree = "<group>"; };
		AE5F946D245EE4C5003D07E8 /* Base */ = {isa = PBXFileReference; lastKnownFileType = file.storyboard; name = Base; path = Base.lproj/LaunchScreen.storyboard; sourceTree = "<group>"; };
		AE5F946F245EE4C5003D07E8 /* Info.plist */ = {isa = PBXFileReference; lastKnownFileType = text.plist.xml; path = Info.plist; sourceTree = "<group>"; };
		AE5F9476245EE510003D07E8 /* Hw1.swift */ = {isa = PBXFileReference; lastKnownFileType = sourcecode.swift; path = Hw1.swift; sourceTree = "<group>"; };
		AE5F9478245F84B7003D07E8 /* WeatherForecast.swift */ = {isa = PBXFileReference; lastKnownFileType = sourcecode.swift; path = WeatherForecast.swift; sourceTree = "<group>"; };
		AE5F947A245F8520003D07E8 /* PayerTime.swift */ = {isa = PBXFileReference; lastKnownFileType = sourcecode.swift; path = PayerTime.swift; sourceTree = "<group>"; };
/* End PBXFileReference section */

/* Begin PBXFrameworksBuildPhase section */
		AE5F945B245EE4C1003D07E8 /* Frameworks */ = {
			isa = PBXFrameworksBuildPhase;
			buildActionMask = 2147483647;
			files = (
			);
			runOnlyForDeploymentPostprocessing = 0;
		};
/* End PBXFrameworksBuildPhase section */

/* Begin PBXGroup section */
		AE5F9455245EE4C1003D07E8 = {
			isa = PBXGroup;
			children = (
				AE5F9460245EE4C1003D07E8 /* DayOneHomework1 */,
				AE5F945F245EE4C1003D07E8 /* Products */,
			);
			sourceTree = "<group>";
		};
		AE5F945F245EE4C1003D07E8 /* Products */ = {
			isa = PBXGroup;
			children = (
				AE5F945E245EE4C1003D07E8 /* DayOneHomework1.app */,
			);
			name = Products;
			sourceTree = "<group>";
		};
		AE5F9460245EE4C1003D07E8 /* DayOneHomework1 */ = {
			isa = PBXGroup;
			children = (
				AE5F9461245EE4C1003D07E8 /* AppDelegate.swift */,
				AE5F9476245EE510003D07E8 /* Hw1.swift */,
				AE5F9478245F84B7003D07E8 /* WeatherForecast.swift */,
				AE5F947A245F8520003D07E8 /* PayerTime.swift */,
				AE5F9463245EE4C1003D07E8 /* SceneDelegate.swift */,
				AE5F9467245EE4C5003D07E8 /* Assets.xcassets */,
				AE5F946C245EE4C5003D07E8 /* LaunchScreen.storyboard */,
				AE5F946F245EE4C5003D07E8 /* Info.plist */,
				AE5F9469245EE4C5003D07E8 /* Preview Content */,
			);
			path = DayOneHomework1;
			sourceTree = "<group>";
		};
		AE5F9469245EE4C5003D07E8 /* Preview Content */ = {
			isa = PBXGroup;
			children = (
				AE5F946A245EE4C5003D07E8 /* Preview Assets.xcassets */,
			);
			path = "Preview Content";
			sourceTree = "<group>";
		};
/* End PBXGroup section */

/* Begin PBXNativeTarget section */
		AE5F945D245EE4C1003D07E8 /* DayOneHomework1 */ = {
			isa = PBXNativeTarget;
			buildConfigurationList = AE5F9472245EE4C5003D07E8 /* Build configuration list for PBXNativeTarget "DayOneHomework1" */;
			buildPhases = (
				AE5F945A245EE4C1003D07E8 /* Sources */,
				AE5F945B245EE4C1003D07E8 /* Frameworks */,
				AE5F945C245EE4C1003D07E8 /* Resources */,
			);
			buildRules = (
			);
			dependencies = (
			);
			name = DayOneHomework1;
			productName = DayOneHomework1;
			productReference = AE5F945E245EE4C1003D07E8 /* DayOneHomework1.app */;
			productType = "com.apple.product-type.application";
		};
/* End PBXNativeTarget section */

/* Begin PBXProject section */
		AE5F9456245EE4C1003D07E8 /* Project object */ = {
			isa = PBXProject;
			attributes = {
				LastSwiftUpdateCheck = 1140;
				LastUpgradeCheck = 1140;
				ORGANIZATIONNAME = "Bodour Alrashidi";
				TargetAttributes = {
					AE5F945D245EE4C1003D07E8 = {
						CreatedOnToolsVersion = 11.4.1;
					};
				};
			};
			buildConfigurationList = AE5F9459245EE4C1003D07E8 /* Build configuration list for PBXProject "DayOneHomework1" */;
			compatibilityVersion = "Xcode 9.3";
			developmentRegion = en;
			hasScannedForEncodings = 0;
			knownRegions = (
				en,
				Base,
			);
			mainGroup = AE5F9455245EE4C1003D07E8;
			productRefGroup = AE5F945F245EE4C1003D07E8 /* Products */;
			projectDirPath = "";
			projectRoot = "";
			targets = (
				AE5F945D245EE4C1003D07E8 /* DayOneHomework1 */,
			);
		};
/* End PBXProject section */

/* Begin PBXResourcesBuildPhase section */
		AE5F945C245EE4C1003D07E8 /* Resources */ = {
			isa = PBXResourcesBuildPhase;
			buildActionMask = 2147483647;
			files = (
				AE5F946E245EE4C5003D07E8 /* LaunchScreen.storyboard in Resources */,
				AE5F946B245EE4C5003D07E8 /* Preview Assets.xcassets in Resources */,
				AE5F9468245EE4C5003D07E8 /* Assets.xcassets in Resources */,
			);
			runOnlyForDeploymentPostprocessing = 0;
		};
/* End PBXResourcesBuildPhase section */

/* Begin PBXSourcesBuildPhase section */
		AE5F945A245EE4C1003D07E8 /* Sources */ = {
			isa = PBXSourcesBuildPhase;
			buildActionMask = 2147483647;
			files = (
				AE5F947B245F8520003D07E8 /* PayerTime.swift in Sources */,
				AE5F9462245EE4C1003D07E8 /* AppDelegate.swift in Sources */,
				AE5F9464245EE4C1003D07E8 /* SceneDelegate.swift in Sources */,
				AE5F9477245EE510003D07E8 /* Hw1.swift in Sources */,
				AE5F9479245F84B7003D07E8 /* WeatherForecast.swift in Sources */,
			);
			runOnlyForDeploymentPostprocessing = 0;
		};
/* End PBXSourcesBuildPhase section */

/* Begin PBXVariantGroup section */
		AE5F946C245EE4C5003D07E8 /* LaunchScreen.storyboard */ = {
			isa = PBXVariantGroup;
			children = (
				AE5F946D245EE4C5003D07E8 /* Base */,
			);
			name = LaunchScreen.storyboard;
			sourceTree = "<group>";
		};
/* End PBXVariantGroup section */

/* Begin XCBuildConfiguration section */
		AE5F9470245EE4C5003D07E8 /* Debug */ = {
			isa = XCBuildConfiguration;
			buildSettings = {
				ALWAYS_SEARCH_USER_PATHS = NO;
				CLANG_ANALYZER_NONNULL = YES;
				CLANG_ANALYZER_NUMBER_OBJECT_CONVERSION = YES_AGGRESSIVE;
				CLANG_CXX_LANGUAGE_STANDARD = "gnu++14";
				CLANG_CXX_LIBRARY = "libc++";
				CLANG_ENABLE_MODULES = YES;
				CLANG_ENABLE_OBJC_ARC = YES;
				CLANG_ENABLE_OBJC_WEAK = YES;
				CLANG_WARN_BLOCK_CAPTURE_AUTORELEASING = YES;
				CLANG_WARN_BOOL_CONVERSION = YES;
				CLANG_WARN_COMMA = YES;
				CLANG_WARN_CONSTANT_CONVERSION = YES;
				CLANG_WARN_DEPRECATED_OBJC_IMPLEMENTATIONS = YES;
				CLANG_WARN_DIRECT_OBJC_ISA_USAGE = YES_ERROR;
				CLANG_WARN_DOCUMENTATION_COMMENTS = YES;
				CLANG_WARN_EMPTY_BODY = YES;
				CLANG_WARN_ENUM_CONVERSION = YES;
				CLANG_WARN_INFINITE_RECURSION = YES;
				CLANG_WARN_INT_CONVERSION = YES;
				CLANG_WARN_NON_LITERAL_NULL_CONVERSION = YES;
				CLANG_WARN_OBJC_IMPLICIT_RETAIN_SELF = YES;
				CLANG_WARN_OBJC_LITERAL_CONVERSION = YES;
				CLANG_WARN_OBJC_ROOT_CLASS = YES_ERROR;
				CLANG_WARN_RANGE_LOOP_ANALYSIS = YES;
				CLANG_WARN_STRICT_PROTOTYPES = YES;
				CLANG_WARN_SUSPICIOUS_MOVE = YES;
				CLANG_WARN_UNGUARDED_AVAILABILITY = YES_AGGRESSIVE;
				CLANG_WARN_UNREACHABLE_CODE = YES;
				CLANG_WARN__DUPLICATE_METHOD_MATCH = YES;
				COPY_PHASE_STRIP = NO;
				DEBUG_INFORMATION_FORMAT = dwarf;
				ENABLE_STRICT_OBJC_MSGSEND = YES;
				ENABLE_TESTABILITY = YES;
				GCC_C_LANGUAGE_STANDARD = gnu11;
				GCC_DYNAMIC_NO_PIC = NO;
				GCC_NO_COMMON_BLOCKS = YES;
				GCC_OPTIMIZATION_LEVEL = 0;
				GCC_PREPROCESSOR_DEFINITIONS = (
					"DEBUG=1",
					"$(inherited)",
				);
				GCC_WARN_64_TO_32_BIT_CONVERSION = YES;
				GCC_WARN_ABOUT_RETURN_TYPE = YES_ERROR;
				GCC_WARN_UNDECLARED_SELECTOR = YES;
				GCC_WARN_UNINITIALIZED_AUTOS = YES_AGGRESSIVE;
				GCC_WARN_UNUSED_FUNCTION = YES;
				GCC_WARN_UNUSED_VARIABLE = YES;
				IPHONEOS_DEPLOYMENT_TARGET = 13.4;
				MTL_ENABLE_DEBUG_INFO = INCLUDE_SOURCE;
				MTL_FAST_MATH = YES;
				ONLY_ACTIVE_ARCH = YES;
				SDKROOT = iphoneos;
				SWIFT_ACTIVE_COMPILATION_CONDITIONS = DEBUG;
				SWIFT_OPTIMIZATION_LEVEL = "-Onone";
			};
			name = Debug;
		};
		AE5F9471245EE4C5003D07E8 /* Release */ = {
			isa = XCBuildConfiguration;
			buildSettings = {
				ALWAYS_SEARCH_USER_PATHS = NO;
				CLANG_ANALYZER_NONNULL = YES;
				CLANG_ANALYZER_NUMBER_OBJECT_CONVERSION = YES_AGGRESSIVE;
				CLANG_CXX_LANGUAGE_STANDARD = "gnu++14";
				CLANG_CXX_LIBRARY = "libc++";
				CLANG_ENABLE_MODULES = YES;
				CLANG_ENABLE_OBJC_ARC = YES;
				CLANG_ENABLE_OBJC_WEAK = YES;
				CLANG_WARN_BLOCK_CAPTURE_AUTORELEASING = YES;
				CLANG_WARN_BOOL_CONVERSION = YES;
				CLANG_WARN_COMMA = YES;
				CLANG_WARN_CONSTANT_CONVERSION = YES;
				CLANG_WARN_DEPRECATED_OBJC_IMPLEMENTATIONS = YES;
				CLANG_WARN_DIRECT_OBJC_ISA_USAGE = YES_ERROR;
				CLANG_WARN_DOCUMENTATION_COMMENTS = YES;
				CLANG_WARN_EMPTY_BODY = YES;
				CLANG_WARN_ENUM_CONVERSION = YES;
				CLANG_WARN_INFINITE_RECURSION = YES;
				CLANG_WARN_INT_CONVERSION = YES;
				CLANG_WARN_NON_LITERAL_NULL_CONVERSION = YES;
				CLANG_WARN_OBJC_IMPLICIT_RETAIN_SELF = YES;
				CLANG_WARN_OBJC_LITERAL_CONVERSION = YES;
				CLANG_WARN_OBJC_ROOT_CLASS = YES_ERROR;
				CLANG_WARN_RANGE_LOOP_ANALYSIS = YES;
				CLANG_WARN_STRICT_PROTOTYPES = YES;
				CLANG_WARN_SUSPICIOUS_MOVE = YES;
				CLANG_WARN_UNGUARDED_AVAILABILITY = YES_AGGRESSIVE;
				CLANG_WARN_UNREACHABLE_CODE = YES;
				CLANG_WARN__DUPLICATE_METHOD_MATCH = YES;
				COPY_PHASE_STRIP = NO;
				DEBUG_INFORMATION_FORMAT = "dwarf-with-dsym";
				ENABLE_NS_ASSERTIONS = NO;
				ENABLE_STRICT_OBJC_MSGSEND = YES;
				GCC_C_LANGUAGE_STANDARD = gnu11;
				GCC_NO_COMMON_BLOCKS = YES;
				GCC_WARN_64_TO_32_BIT_CONVERSION = YES;
				GCC_WARN_ABOUT_RETURN_TYPE = YES_ERROR;
				GCC_WARN_UNDECLARED_SELECTOR = YES;
				GCC_WARN_UNINITIALIZED_AUTOS = YES_AGGRESSIVE;
				GCC_WARN_UNUSED_FUNCTION = YES;
				GCC_WARN_UNUSED_VARIABLE = YES;
				IPHONEOS_DEPLOYMENT_TARGET = 13.4;
				MTL_ENABLE_DEBUG_INFO = NO;
				MTL_FAST_MATH = YES;
				SDKROOT = iphoneos;
				SWIFT_COMPILATION_MODE = wholemodule;
				SWIFT_OPTIMIZATION_LEVEL = "-O";
				VALIDATE_PRODUCT = YES;
			};
			name = Release;
		};
		AE5F9473245EE4C5003D07E8 /* Debug */ = {
			isa = XCBuildConfiguration;
			buildSettings = {
				ASSETCATALOG_COMPILER_APPICON_NAME = AppIcon;
				CODE_SIGN_STYLE = Automatic;
				DEVELOPMENT_ASSET_PATHS = "\"DayOneHomework1/Preview Content\"";
				DEVELOPMENT_TEAM = 3SGZJ97MN5;
				ENABLE_PREVIEWS = YES;
				INFOPLIST_FILE = DayOneHomework1/Info.plist;
				LD_RUNPATH_SEARCH_PATHS = (
					"$(inherited)",
					"@executable_path/Frameworks",
				);
				PRODUCT_BUNDLE_IDENTIFIER = com.bea.DayOneHomework1;
				PRODUCT_NAME = "$(TARGET_NAME)";
				SWIFT_VERSION = 5.0;
				TARGETED_DEVICE_FAMILY = "1,2";
			};
			name = Debug;
		};
		AE5F9474245EE4C5003D07E8 /* Release */ = {
			isa = XCBuildConfiguration;
			buildSettings = {
				ASSETCATALOG_COMPILER_APPICON_NAME = AppIcon;
				CODE_SIGN_STYLE = Automatic;
				DEVELOPMENT_ASSET_PATHS = "\"DayOneHomework1/Preview Content\"";
				DEVELOPMENT_TEAM = 3SGZJ97MN5;
				ENABLE_PREVIEWS = YES;
				INFOPLIST_FILE = DayOneHomework1/Info.plist;
				LD_RUNPATH_SEARCH_PATHS = (
					"$(inherited)",
					"@executable_path/Frameworks",
				);
				PRODUCT_BUNDLE_IDENTIFIER = com.bea.DayOneHomework1;
				PRODUCT_NAME = "$(TARGET_NAME)";
				SWIFT_VERSION = 5.0;
				TARGETED_DEVICE_FAMILY = "1,2";
			};
			name = Release;
		};
/* End XCBuildConfiguration section */

/* Begin XCConfigurationList section */
		AE5F9459245EE4C1003D07E8 /* Build configuration list for PBXProject "DayOneHomework1" */ = {
			isa = XCConfigurationList;
			buildConfigurations = (
				AE5F9470245EE4C5003D07E8 /* Debug */,
				AE5F9471245EE4C5003D07E8 /* Release */,
			);
			defaultConfigurationIsVisible = 0;
			defaultConfigurationName = Release;
		};
		AE5F9472245EE4C5003D07E8 /* Build configuration list for PBXNativeTarget "DayOneHomework1" */ = {
			isa = XCConfigurationList;
			buildConfigurations = (
				AE5F9473245EE4C5003D07E8 /* Debug */,
				AE5F9474245EE4C5003D07E8 /* Release */,
			);
			defaultConfigurationIsVisible = 0;
			defaultConfigurationName = Release;
		};
/* End XCConfigurationList section */
	};
	rootObject = AE5F9456245EE4C1003D07E8 /* Project object */;
}
